<?xml version="1.0" encoding="utf-8"?>
<Project ToolsVersion="4.0" xmlns="http://schemas.microsoft.com/developer/msbuild/2003">
  <ItemGroup>
    <Filter Include="Source Files">
      <UniqueIdentifier>{4FC737F1-C7A5-4376-A066-2A32D752A2FF}</UniqueIdentifier>
      <Extensions>cpp;c;cc;cxx;def;odl;idl;hpj;bat;asm;asmx</Extensions>
    </Filter>
    <Filter Include="Header Files">
      <UniqueIdentifier>{93995380-89BD-4b04-88EB-625FBE52EBFB}</UniqueIdentifier>
      <Extensions>h;hpp;hxx;hm;inl;inc;xsd</Extensions>
    </Filter>
    <Filter Include="Resource Files">
      <UniqueIdentifier>{67DA6AB6-F800-4c08-8B7A-83BB121AAD01}</UniqueIdentifier>
      <Extensions>rc;ico;cur;bmp;dlg;rc2;rct;bin;rgs;gif;jpg;jpeg;jpe;resx;tiff;tif;png;wav;mfcribbon-ms</Extensions>
    </Filter>
    <Filter Include="Source Files\Fudge">
      <UniqueIdentifier>{4d40b590-7e25-485e-9aa2-512d8b12a980}</UniqueIdentifier>
    </Filter>
    <Filter Include="Header Files\Fudge">
      <UniqueIdentifier>{0e147517-cc7e-4c2f-a038-875fb1876beb}</UniqueIdentifier>
    </Filter>
  </ItemGroup>
  <ItemGroup>
    <ClInclude Include="stdafx.h">
      <Filter>Header Files</Filter>
    </ClInclude>
    <ClInclude Include="com_opengamma_language_connector_ConnectorMessage.h">
      <Filter>Header Files\Fudge</Filter>
    </ClInclude>
    <ClInclude Include="com_opengamma_language_Value.h">
      <Filter>Header Files\Fudge</Filter>
    </ClInclude>
    <ClInclude Include="com_opengamma_language_connector_Test.h">
      <Filter>Header Files\Fudge</Filter>
    </ClInclude>
    <ClInclude Include="com_opengamma_language_connector_UserMessagePayload.h">
      <Filter>Header Files\Fudge</Filter>
    </ClInclude>
    <ClInclude Include="com_opengamma_language_Data.h">
      <Filter>Header Files\Fudge</Filter>
    </ClInclude>
    <ClInclude Include="Client.h">
      <Filter>Header Files</Filter>
    </ClInclude>
    <ClInclude Include="Alert.h">
      <Filter>Header Files</Filter>
    </ClInclude>
    <ClInclude Include="Settings.h">
      <Filter>Header Files</Filter>
    </ClInclude>
    <ClInclude Include="Pipes.h">
      <Filter>Header Files</Filter>
    </ClInclude>
    <ClInclude Include="JVM.h">
      <Filter>Header Files</Filter>
    </ClInclude>
    <ClInclude Include="MessageDirectives.h">
      <Filter>Header Files</Filter>
    </ClInclude>
    <ClInclude Include="com_opengamma_language_connector_UserMessage.h">
      <Filter>Header Files\Fudge</Filter>
    </ClInclude>
    <ClInclude Include="SynchronousCalls.h">
      <Filter>Header Files</Filter>
    </ClInclude>
    <ClInclude Include="Connector.h">
      <Filter>Header Files</Filter>
    </ClInclude>
    <ClInclude Include="Procedures.h">
      <Filter>Header Files</Filter>
    </ClInclude>
    <ClInclude Include="RequestBuilder.h">
      <Filter>Header Files</Filter>
    </ClInclude>
    <ClInclude Include="com_opengamma_language_function_QueryAvailable.h">
      <Filter>Header Files\Fudge</Filter>
    </ClInclude>
    <ClInclude Include="com_opengamma_language_livedata_QueryAvailable.h">
      <Filter>Header Files\Fudge</Filter>
    </ClInclude>
    <ClInclude Include="com_opengamma_language_procedure_QueryAvailable.h">
      <Filter>Header Files\Fudge</Filter>
    </ClInclude>
    <ClInclude Include="Functions.h">
      <Filter>Header Files</Filter>
    </ClInclude>
    <ClInclude Include="LiveData.h">
      <Filter>Header Files</Filter>
    </ClInclude>
    <ClInclude Include="com_opengamma_language_connector_Function.h">
      <Filter>Header Files\Fudge</Filter>
    </ClInclude>
    <ClInclude Include="com_opengamma_language_connector_LiveData.h">
      <Filter>Header Files\Fudge</Filter>
    </ClInclude>
    <ClInclude Include="com_opengamma_language_connector_Procedure.h">
      <Filter>Header Files\Fudge</Filter>
    </ClInclude>
    <ClInclude Include="com_opengamma_language_function_Available.h">
      <Filter>Header Files\Fudge</Filter>
    </ClInclude>
    <ClInclude Include="com_opengamma_language_function_Available_Entry.h">
      <Filter>Header Files\Fudge</Filter>
    </ClInclude>
    <ClInclude Include="com_opengamma_language_livedata_Available.h">
      <Filter>Header Files\Fudge</Filter>
    </ClInclude>
    <ClInclude Include="com_opengamma_language_livedata_Available_Entry.h">
      <Filter>Header Files\Fudge</Filter>
    </ClInclude>
    <ClInclude Include="com_opengamma_language_procedure_Available.h">
      <Filter>Header Files\Fudge</Filter>
    </ClInclude>
    <ClInclude Include="com_opengamma_language_procedure_Available_Entry.h">
      <Filter>Header Files\Fudge</Filter>
    </ClInclude>
    <ClInclude Include="com_opengamma_language_definition_Definition.h">
      <Filter>Header Files\Fudge</Filter>
    </ClInclude>
    <ClInclude Include="com_opengamma_language_definition_Parameter.h">
      <Filter>Header Files\Fudge</Filter>
    </ClInclude>
    <ClInclude Include="com_opengamma_language_function_Definition.h">
      <Filter>Header Files\Fudge</Filter>
    </ClInclude>
    <ClInclude Include="com_opengamma_language_livedata_Definition.h">
      <Filter>Header Files\Fudge</Filter>
    </ClInclude>
    <ClInclude Include="com_opengamma_language_procedure_Definition.h">
      <Filter>Header Files\Fudge</Filter>
    </ClInclude>
    <ClInclude Include="com_opengamma_language_function_Invoke.h">
      <Filter>Header Files\Fudge</Filter>
    </ClInclude>
    <ClInclude Include="com_opengamma_language_function_Result.h">
      <Filter>Header Files\Fudge</Filter>
    </ClInclude>
    <ClInclude Include="com_opengamma_language_connector_Custom.h">
      <Filter>Header Files\Fudge</Filter>
    </ClInclude>
    <ClInclude Include="com_opengamma_language_function_Custom.h">
      <Filter>Header Files\Fudge</Filter>
    </ClInclude>
    <ClInclude Include="com_opengamma_language_livedata_Custom.h">
      <Filter>Header Files\Fudge</Filter>
    </ClInclude>
    <ClInclude Include="com_opengamma_language_procedure_Custom.h">
      <Filter>Header Files\Fudge</Filter>
    </ClInclude>
  </ItemGroup>
  <ItemGroup>
    <ClCompile Include="stdafx.cpp">
      <Filter>Source Files</Filter>
    </ClCompile>
    <ClCompile Include="Connector.cpp">
      <Filter>Source Files</Filter>
    </ClCompile>
    <ClCompile Include="com_opengamma_language_connector_ConnectorMessage.c">
      <Filter>Source Files\Fudge</Filter>
    </ClCompile>
    <ClCompile Include="com_opengamma_language_connector_Test.c">
      <Filter>Source Files\Fudge</Filter>
    </ClCompile>
    <ClCompile Include="com_opengamma_language_connector_UserMessagePayload.c">
      <Filter>Source Files\Fudge</Filter>
    </ClCompile>
    <ClCompile Include="com_opengamma_language_Data.c">
      <Filter>Source Files\Fudge</Filter>
    </ClCompile>
    <ClCompile Include="com_opengamma_language_Value.c">
      <Filter>Source Files\Fudge</Filter>
    </ClCompile>
    <ClCompile Include="Client.cpp">
      <Filter>Source Files</Filter>
    </ClCompile>
    <ClCompile Include="Alert.cpp">
      <Filter>Source Files</Filter>
    </ClCompile>
    <ClCompile Include="Settings.cpp">
      <Filter>Source Files</Filter>
    </ClCompile>
    <ClCompile Include="Pipes.cpp">
      <Filter>Source Files</Filter>
    </ClCompile>
    <ClCompile Include="JVM.cpp">
      <Filter>Source Files</Filter>
    </ClCompile>
    <ClCompile Include="com_opengamma_language_connector_UserMessage.c">
      <Filter>Source Files\Fudge</Filter>
    </ClCompile>
    <ClCompile Include="SynchronousCalls.cpp">
      <Filter>Source Files</Filter>
    </ClCompile>
    <ClCompile Include="com_opengamma_language_function_QueryAvailable.c">
      <Filter>Source Files\Fudge</Filter>
    </ClCompile>
    <ClCompile Include="com_opengamma_language_procedure_QueryAvailable.c">
      <Filter>Source Files\Fudge</Filter>
    </ClCompile>
    <ClCompile Include="com_opengamma_language_livedata_QueryAvailable.c">
      <Filter>Source Files\Fudge</Filter>
    </ClCompile>
    <ClCompile Include="RequestBuilder.cpp">
      <Filter>Source Files</Filter>
    </ClCompile>
    <ClCompile Include="com_opengamma_language_function_Available.c">
      <Filter>Source Files\Fudge</Filter>
    </ClCompile>
    <ClCompile Include="com_opengamma_language_livedata_Available.c">
      <Filter>Source Files\Fudge</Filter>
    </ClCompile>
    <ClCompile Include="com_opengamma_language_procedure_Available.c">
      <Filter>Source Files\Fudge</Filter>
    </ClCompile>
    <ClCompile Include="com_opengamma_language_connector_Function.c">
      <Filter>Source Files\Fudge</Filter>
    </ClCompile>
    <ClCompile Include="com_opengamma_language_connector_LiveData.c">
      <Filter>Source Files\Fudge</Filter>
    </ClCompile>
    <ClCompile Include="com_opengamma_language_connector_Procedure.c">
      <Filter>Source Files\Fudge</Filter>
    </ClCompile>
    <ClCompile Include="com_opengamma_language_function_Available_Entry.c">
      <Filter>Source Files\Fudge</Filter>
    </ClCompile>
    <ClCompile Include="com_opengamma_language_livedata_Available_Entry.c">
      <Filter>Source Files\Fudge</Filter>
    </ClCompile>
    <ClCompile Include="com_opengamma_language_procedure_Available_Entry.c">
      <Filter>Source Files\Fudge</Filter>
    </ClCompile>
    <ClCompile Include="com_opengamma_language_definition_Definition.c">
      <Filter>Source Files\Fudge</Filter>
    </ClCompile>
    <ClCompile Include="com_opengamma_language_function_Definition.c">
      <Filter>Source Files\Fudge</Filter>
    </ClCompile>
    <ClCompile Include="com_opengamma_language_livedata_Definition.c">
      <Filter>Source Files\Fudge</Filter>
    </ClCompile>
    <ClCompile Include="com_opengamma_language_procedure_Definition.c">
      <Filter>Source Files\Fudge</Filter>
    </ClCompile>
    <ClCompile Include="com_opengamma_language_definition_Parameter.c">
      <Filter>Source Files\Fudge</Filter>
    </ClCompile>
    <ClCompile Include="com_opengamma_language_function_Invoke.c">
      <Filter>Source Files\Fudge</Filter>
    </ClCompile>
    <ClCompile Include="com_opengamma_language_function_Result.c">
      <Filter>Source Files\Fudge</Filter>
    </ClCompile>
    <ClCompile Include="com_opengamma_language_connector_Custom.c">
      <Filter>Source Files\Fudge</Filter>
    </ClCompile>
    <ClCompile Include="com_opengamma_language_function_Custom.c">
      <Filter>Source Files\Fudge</Filter>
    </ClCompile>
    <ClCompile Include="com_opengamma_language_livedata_Custom.c">
      <Filter>Source Files\Fudge</Filter>
    </ClCompile>
    <ClCompile Include="com_opengamma_language_procedure_Custom.c">
      <Filter>Source Files\Fudge</Filter>
    </ClCompile>
  </ItemGroup>
</Project>